
Microsoft Visual Studio Solution File, Format Version 12.00
# Visual Studio Version 17
VisualStudioVersion = 17.13.35931.197 d17.13
MinimumVisualStudioVersion = 10.0.40219.1
Project("{54A90642-561A-4BB1-A94E-469ADEE60C69}") = "schedulelogic.client", "schedulelogic.client\schedulelogic.client.esproj", "{F395CDEE-F375-C8DE-FCA8-4A29317E9529}"
EndProject
Project("{FAE04EC0-301F-11D3-BF4B-00C04F79EFBC}") = "ScheduleLogic.Server", "ScheduleLogic.Server\ScheduleLogic.Server.csproj", "{06A49E46-E9DB-4977-B454-B4046CC4772E}"
EndProject
Global
	GlobalSection(SolutionConfigurationPlatforms) = preSolution
		Debug|Any CPU = Debug|Any CPU
		Release|Any CPU = Release|Any CPU
	EndGlobalSection
	GlobalSection(ProjectConfigurationPlatforms) = postSolution
		{F395CDEE-F375-C8DE-FCA8-4A29317E9529}.Debug|Any CPU.ActiveCfg = Debug|Any CPU
		{F395CDEE-F375-C8DE-FCA8-4A29317E9529}.Debug|Any CPU.Build.0 = Debug|Any CPU
		{F395CDEE-F375-C8DE-FCA8-4A29317E9529}.Debug|Any CPU.Deploy.0 = Debug|Any CPU
		{F395CDEE-F375-C8DE-FCA8-4A29317E9529}.Release|Any CPU.ActiveCfg = Release|Any CPU
		{F395CDEE-F375-C8DE-FCA8-4A29317E9529}.Release|Any CPU.Build.0 = Release|Any CPU
		{F395CDEE-F375-C8DE-FCA8-4A29317E9529}.Release|Any CPU.Deploy.0 = Release|Any CPU
		{06A49E46-E9DB-4977-B454-B4046CC4772E}.Debug|Any CPU.ActiveCfg = Debug|Any CPU
		{06A49E46-E9DB-4977-B454-B4046CC4772E}.Debug|Any CPU.Build.0 = Debug|Any CPU
		{06A49E46-E9DB-4977-B454-B4046CC4772E}.Release|Any CPU.ActiveCfg = Release|Any CPU
		{06A49E46-E9DB-4977-B454-B4046CC4772E}.Release|Any CPU.Build.0 = Release|Any CPU
	EndGlobalSection
	GlobalSection(SolutionProperties) = preSolution
		HideSolutionNode = FALSE
	EndGlobalSection
	GlobalSection(ExtensibilityGlobals) = postSolution
		SolutionGuid = {A081E989-8EB3-4B49-A5A3-61809B7F1429}
	EndGlobalSection
EndGlobal
